
Microsoft Visual Studio Solution File, Format Version 12.00
# Visual Studio Version 17
VisualStudioVersion = 17.9.34728.123
MinimumVisualStudioVersion = 10.0.40219.1
Project("{FAE04EC0-301F-11D3-BF4B-00C04F79EFBC}") = "ClassDemoSortering", "ClassDemoSortering\ClassDemoSortering.csproj", "{4C895C7C-C3FA-49E6-946F-0C313F85D65C}"
EndProject
Global
	GlobalSection(SolutionConfigurationPlatforms) = preSolution
		Debug|Any CPU = Debug|Any CPU
		Release|Any CPU = Release|Any CPU
	EndGlobalSection
	GlobalSection(ProjectConfigurationPlatforms) = postSolution
		{4C895C7C-C3FA-49E6-946F-0C313F85D65C}.Debug|Any CPU.ActiveCfg = Debug|Any CPU
		{4C895C7C-C3FA-49E6-946F-0C313F85D65C}.Debug|Any CPU.Build.0 = Debug|Any CPU
		{4C895C7C-C3FA-49E6-946F-0C313F85D65C}.Release|Any CPU.ActiveCfg = Release|Any CPU
		{4C895C7C-C3FA-49E6-946F-0C313F85D65C}.Release|Any CPU.Build.0 = Release|Any CPU
	EndGlobalSection
	GlobalSection(SolutionProperties) = preSolution
		HideSolutionNode = FALSE
	EndGlobalSection
	GlobalSection(ExtensibilityGlobals) = postSolution
		SolutionGuid = {2DAA2CCF-925E-4BCB-B721-60AB0AC5FA00}
	EndGlobalSection
EndGlobal
